
Microsoft Visual Studio Solution File, Format Version 12.00
# Visual Studio Version 17
VisualStudioVersion = 17.3.32922.545
MinimumVisualStudioVersion = 10.0.40219.1
Project("{FAE04EC0-301F-11D3-BF4B-00C04F79EFBC}") = "QuizCs2.cs", "QuizCs2.cs.csproj", "{345A36CE-2E11-44B7-91D3-797021EB7DFF}"
EndProject
Global
	GlobalSection(SolutionConfigurationPlatforms) = preSolution
		Debug|Any CPU = Debug|Any CPU
		Release|Any CPU = Release|Any CPU
	EndGlobalSection
	GlobalSection(ProjectConfigurationPlatforms) = postSolution
		{345A36CE-2E11-44B7-91D3-797021EB7DFF}.Debug|Any CPU.ActiveCfg = Debug|Any CPU
		{345A36CE-2E11-44B7-91D3-797021EB7DFF}.Debug|Any CPU.Build.0 = Debug|Any CPU
		{345A36CE-2E11-44B7-91D3-797021EB7DFF}.Release|Any CPU.ActiveCfg = Release|Any CPU
		{345A36CE-2E11-44B7-91D3-797021EB7DFF}.Release|Any CPU.Build.0 = Release|Any CPU
	EndGlobalSection
	GlobalSection(SolutionProperties) = preSolution
		HideSolutionNode = FALSE
	EndGlobalSection
	GlobalSection(ExtensibilityGlobals) = postSolution
		SolutionGuid = {2FAD2291-CAF0-4B9C-8EFC-7D7DFD902CED}
	EndGlobalSection
EndGlobal
